
Microsoft Visual Studio Solution File, Format Version 12.00
# Visual Studio Version 16
VisualStudioVersion = 16.0.30804.86
MinimumVisualStudioVersion = 10.0.40219.1
Project("{9A19103F-16F7-4668-BE54-9A1E7A4F7556}") = "ColinChang.FFmpegHelper", "ColinChang.FFmpegHelper\ColinChang.FFmpegHelper.csproj", "{A633E0F6-4788-4859-88BE-E63C05664E0A}"
EndProject
Project("{9A19103F-16F7-4668-BE54-9A1E7A4F7556}") = "ColinChang.FFmpegHelper.Sample", "ColinChang.FFmpegHelper.Sample\ColinChang.FFmpegHelper.Sample.csproj", "{12A514F2-3FB3-4FBB-98E0-85ACC7A23A7E}"
EndProject
Project("{FAE04EC0-301F-11D3-BF4B-00C04F79EFBC}") = "RtspConnector.Client", "RtspConnector.Client\RtspConnector.Client.csproj", "{17E28EA1-4365-462B-A18E-F2EAEC1E07D6}"
EndProject
Global
	GlobalSection(SolutionConfigurationPlatforms) = preSolution
		Debug|Any CPU = Debug|Any CPU
		Release|Any CPU = Release|Any CPU
	EndGlobalSection
	GlobalSection(ProjectConfigurationPlatforms) = postSolution
		{A633E0F6-4788-4859-88BE-E63C05664E0A}.Debug|Any CPU.ActiveCfg = Debug|Any CPU
		{A633E0F6-4788-4859-88BE-E63C05664E0A}.Debug|Any CPU.Build.0 = Debug|Any CPU
		{A633E0F6-4788-4859-88BE-E63C05664E0A}.Release|Any CPU.ActiveCfg = Release|Any CPU
		{A633E0F6-4788-4859-88BE-E63C05664E0A}.Release|Any CPU.Build.0 = Release|Any CPU
		{12A514F2-3FB3-4FBB-98E0-85ACC7A23A7E}.Debug|Any CPU.ActiveCfg = Debug|Any CPU
		{12A514F2-3FB3-4FBB-98E0-85ACC7A23A7E}.Debug|Any CPU.Build.0 = Debug|Any CPU
		{12A514F2-3FB3-4FBB-98E0-85ACC7A23A7E}.Release|Any CPU.ActiveCfg = Release|Any CPU
		{12A514F2-3FB3-4FBB-98E0-85ACC7A23A7E}.Release|Any CPU.Build.0 = Release|Any CPU
		{17E28EA1-4365-462B-A18E-F2EAEC1E07D6}.Debug|Any CPU.ActiveCfg = Debug|Any CPU
		{17E28EA1-4365-462B-A18E-F2EAEC1E07D6}.Debug|Any CPU.Build.0 = Debug|Any CPU
		{17E28EA1-4365-462B-A18E-F2EAEC1E07D6}.Release|Any CPU.ActiveCfg = Release|Any CPU
		{17E28EA1-4365-462B-A18E-F2EAEC1E07D6}.Release|Any CPU.Build.0 = Release|Any CPU
	EndGlobalSection
	GlobalSection(SolutionProperties) = preSolution
		HideSolutionNode = FALSE
	EndGlobalSection
	GlobalSection(ExtensibilityGlobals) = postSolution
		SolutionGuid = {9B3046CB-EA63-4F24-A08D-97AE0140899D}
	EndGlobalSection
EndGlobal
